{
  "version": 4,
  "terraform_version": "1.11.3",
  "serial": 5,
  "lineage": "7d71ee55-21b3-adfd-aa5a-eb3e2cb19a01",
  "outputs": {
    "print_int": {
      "value": 30,
      "type": "number"
    }
  },
  "resources": [
    {
      "mode": "managed",
      "type": "random_integer",
      "name": "rint",
      "provider": "provider[\"registry.terraform.io/hashicorp/random\"]",
      "instances": [
        {
          "schema_version": 0,
          "attributes": {
            "id": "30",
            "keepers": null,
            "max": 50,
            "min": 20,
            "result": 30,
            "seed": null
          },
          "sensitive_attributes": []
        }
      ]
    }
  ],
  "check_results": null
}
