{
  "version": 4,
  "terraform_version": "1.11.3",
  "serial": 1,
  "lineage": "f8697818-dac4-44d0-40b2-c1d0e78a6b7a",
  "outputs": {},
  "resources": [
    {
      "mode": "managed",
      "type": "local_file",
      "name": "cat",
      "provider": "provider[\"registry.terraform.io/hashicorp/local\"]",
      "instances": [
        {
          "schema_version": 0,
          "attributes": {
            "content": "I love cat",
            "content_base64": null,
            "content_base64sha256": "NtnamSU+a1Z1kI/RFGibRNFBvDWdpTAv/gnuTf0Tchw=",
            "content_base64sha512": "hodR7Fwc5QjiEXLyQo5+KLixcjkiPMRfjVhNYNvYw5wxfOhAo4eQaef+P+/2uoV6VGcq3fKGwgNRwJNrWvwQzg==",
            "content_md5": "3bcd91528fab1798c738dea3de0376da",
            "content_sha1": "3bf90640da7bfa77dfbf38b13734c88acede5c5c",
            "content_sha256": "36d9da99253e6b5675908fd114689b44d141bc359da5302ffe09ee4dfd13721c",
            "content_sha512": "868751ec5c1ce508e21172f2428e7e28b8b17239223cc45f8d584d60dbd8c39c317ce840a3879069e7fe3feff6ba857a54672addf286c20351c0936b5afc10ce",
            "directory_permission": "0777",
            "file_permission": "0777",
            "filename": "cat.txt",
            "id": "3bf90640da7bfa77dfbf38b13734c88acede5c5c",
            "sensitive_content": null,
            "source": null
          },
          "sensitive_attributes": [
            [
              {
                "type": "get_attr",
                "value": "sensitive_content"
              }
            ]
          ]
        }
      ]
    },
    {
      "mode": "managed",
      "type": "local_file",
      "name": "dog",
      "provider": "provider[\"registry.terraform.io/hashicorp/local\"]",
      "instances": [
        {
          "schema_version": 0,
          "attributes": {
            "content": "I love dog",
            "content_base64": null,
            "content_base64sha256": "H4n8ARFuizazPoskiLeX/zAqgWVm1b/N9tUILbxmJhE=",
            "content_base64sha512": "D/oSkMsivTfagv8VmQTqRhKJ2nAoO/Qdpi6UXEprc1CcDWSPhRDDGjeFsQbLdOUJTjocY2gL2/5ORBO2qumEcQ==",
            "content_md5": "f207f0440c5a66afb5fbab224b02c53e",
            "content_sha1": "d933fb7152a99816ca16f99eb573a6bc34eeef82",
            "content_sha256": "1f89fc01116e8b36b33e8b2488b797ff302a816566d5bfcdf6d5082dbc662611",
            "content_sha512": "0ffa1290cb22bd37da82ff159904ea461289da70283bf41da62e945c4a6b73509c0d648f8510c31a3785b106cb74e5094e3a1c63680bdbfe4e4413b6aae98471",
            "directory_permission": "0777",
            "file_permission": "0777",
            "filename": "dog.txt",
            "id": "d933fb7152a99816ca16f99eb573a6bc34eeef82",
            "sensitive_content": null,
            "source": null
          },
          "sensitive_attributes": [
            [
              {
                "type": "get_attr",
                "value": "sensitive_content"
              }
            ]
          ]
        }
      ]
    }
  ],
  "check_results": null
}
